
Microsoft Visual Studio Solution File, Format Version 12.00
# Visual Studio 2013
VisualStudioVersion = 12.0.40629.0
MinimumVisualStudioVersion = 10.0.40219.1
Project("{FAE04EC0-301F-11D3-BF4B-00C04F79EFBC}") = "JewelThief", "JewelThief\JewelThief.csproj", "{A8381E83-A532-4A9A-95F0-A72281C2E69C}"
EndProject
Global
	GlobalSection(SolutionConfigurationPlatforms) = preSolution
		Debug|Any CPU = Debug|Any CPU
		Release|Any CPU = Release|Any CPU
	EndGlobalSection
	GlobalSection(ProjectConfigurationPlatforms) = postSolution
		{A8381E83-A532-4A9A-95F0-A72281C2E69C}.Debug|Any CPU.ActiveCfg = Debug|Any CPU
		{A8381E83-A532-4A9A-95F0-A72281C2E69C}.Debug|Any CPU.Build.0 = Debug|Any CPU
		{A8381E83-A532-4A9A-95F0-A72281C2E69C}.Release|Any CPU.ActiveCfg = Release|Any CPU
		{A8381E83-A532-4A9A-95F0-A72281C2E69C}.Release|Any CPU.Build.0 = Release|Any CPU
	EndGlobalSection
	GlobalSection(SolutionProperties) = preSolution
		HideSolutionNode = FALSE
	EndGlobalSection
EndGlobal
